
Microsoft Visual Studio Solution File, Format Version 12.00
# Visual Studio Version 16
VisualStudioVersion = 16.0.30717.126
MinimumVisualStudioVersion = 10.0.40219.1
Project("{FAE04EC0-301F-11D3-BF4B-00C04F79EFBC}") = "arcane-web", "arcane-web\arcane-web.csproj", "{80DE7431-C342-4A52-BF93-9C62870DD562}"
EndProject
Global
	GlobalSection(SolutionConfigurationPlatforms) = preSolution
		Debug|Any CPU = Debug|Any CPU
		Release|Any CPU = Release|Any CPU
	EndGlobalSection
	GlobalSection(ProjectConfigurationPlatforms) = postSolution
		{80DE7431-C342-4A52-BF93-9C62870DD562}.Debug|Any CPU.ActiveCfg = Debug|Any CPU
		{80DE7431-C342-4A52-BF93-9C62870DD562}.Debug|Any CPU.Build.0 = Debug|Any CPU
		{80DE7431-C342-4A52-BF93-9C62870DD562}.Release|Any CPU.ActiveCfg = Release|Any CPU
		{80DE7431-C342-4A52-BF93-9C62870DD562}.Release|Any CPU.Build.0 = Release|Any CPU
	EndGlobalSection
	GlobalSection(SolutionProperties) = preSolution
		HideSolutionNode = FALSE
	EndGlobalSection
	GlobalSection(ExtensibilityGlobals) = postSolution
		SolutionGuid = {DD60AF40-2351-4A72-B28E-9C1C436D6BF3}
	EndGlobalSection
EndGlobal
